
Microsoft Visual Studio Solution File, Format Version 12.00
# Visual Studio Version 16
VisualStudioVersion = 16.0.29306.81
MinimumVisualStudioVersion = 10.0.40219.1
Project("{FAE04EC0-301F-11D3-BF4B-00C04F79EFBC}") = "TicketingWithClass", "Ticketing\TicketingWithClass.csproj", "{95BD7103-0B57-4B35-9AEA-E374B1C23F7B}"
EndProject
Global
	GlobalSection(SolutionConfigurationPlatforms) = preSolution
		Debug|Any CPU = Debug|Any CPU
		Release|Any CPU = Release|Any CPU
	EndGlobalSection
	GlobalSection(ProjectConfigurationPlatforms) = postSolution
		{95BD7103-0B57-4B35-9AEA-E374B1C23F7B}.Debug|Any CPU.ActiveCfg = Debug|Any CPU
		{95BD7103-0B57-4B35-9AEA-E374B1C23F7B}.Debug|Any CPU.Build.0 = Debug|Any CPU
		{95BD7103-0B57-4B35-9AEA-E374B1C23F7B}.Release|Any CPU.ActiveCfg = Release|Any CPU
		{95BD7103-0B57-4B35-9AEA-E374B1C23F7B}.Release|Any CPU.Build.0 = Release|Any CPU
	EndGlobalSection
	GlobalSection(SolutionProperties) = preSolution
		HideSolutionNode = FALSE
	EndGlobalSection
	GlobalSection(ExtensibilityGlobals) = postSolution
		SolutionGuid = {4FE1CE9B-403B-4C3E-A1B7-6BD177C9DFB8}
	EndGlobalSection
EndGlobal
